// !$*UTF8*$!
{
	archiveVersion = 1;
	classes = {
	};
	objectVersion = 46;
	objects = {

/* Begin PBXBuildFile section */
		1A88DE341B2C96ED00930FFB /* AppDelegate.swift in Sources */ = {isa = PBXBuildFile; fileRef = 1A88DE331B2C96ED00930FFB /* AppDelegate.swift */; };
		1A88DE361B2C96ED00930FFB /* Document.swift in Sources */ = {isa = PBXBuildFile; fileRef = 1A88DE351B2C96ED00930FFB /* Document.swift */; };
		1A88DE391B2C96ED00930FFB /* Document.xib in Resources */ = {isa = PBXBuildFile; fileRef = 1A88DE371B2C96ED00930FFB /* Document.xib */; };
		1A88DE3C1B2C96ED00930FFB /* Document.xcdatamodeld in Sources */ = {isa = PBXBuildFile; fileRef = 1A88DE3A1B2C96ED00930FFB /* Document.xcdatamodeld */; };
		1A88DE3E1B2C96ED00930FFB /* Assets.xcassets in Resources */ = {isa = PBXBuildFile; fileRef = 1A88DE3D1B2C96ED00930FFB /* Assets.xcassets */; };
		1A88DE411B2C96ED00930FFB /* MainMenu.xib in Resources */ = {isa = PBXBuildFile; fileRef = 1A88DE3F1B2C96ED00930FFB /* MainMenu.xib */; };
		1A88DE4C1B2C96ED00930FFB /* CarLotTests.swift in Sources */ = {isa = PBXBuildFile; fileRef = 1A88DE4B1B2C96ED00930FFB /* CarLotTests.swift */; };
		1A88DE571B2C96ED00930FFB /* CarLotUITests.swift in Sources */ = {isa = PBXBuildFile; fileRef = 1A88DE561B2C96ED00930FFB /* CarLotUITests.swift */; };
/* End PBXBuildFile section */

/* Begin PBXContainerItemProxy section */
		1A88DE481B2C96ED00930FFB /* PBXContainerItemProxy */ = {
			isa = PBXContainerItemProxy;
			containerPortal = 1A88DE281B2C96ED00930FFB /* Project object */;
			proxyType = 1;
			remoteGlobalIDString = 1A88DE2F1B2C96ED00930FFB;
			remoteInfo = CarLot;
		};
		1A88DE531B2C96ED00930FFB /* PBXContainerItemProxy */ = {
			isa = PBXContainerItemProxy;
			containerPortal = 1A88DE281B2C96ED00930FFB /* Project object */;
			proxyType = 1;
			remoteGlobalIDString = 1A88DE2F1B2C96ED00930FFB;
			remoteInfo = CarLot;
		};
/* End PBXContainerItemProxy section */

/* Begin PBXFileReference section */
		1A88DE301B2C96ED00930FFB /* CarLot.app */ = {isa = PBXFileReference; explicitFileType = wrapper.application; includeInIndex = 0; path = CarLot.app; sourceTree = BUILT_PRODUCTS_DIR; };
		1A88DE331B2C96ED00930FFB /* AppDelegate.swift */ = {isa = PBXFileReference; lastKnownFileType = sourcecode.swift; path = AppDelegate.swift; sourceTree = "<group>"; };
		1A88DE351B2C96ED00930FFB /* Document.swift */ = {isa = PBXFileReference; lastKnownFileType = sourcecode.swift; path = Document.swift; sourceTree = "<group>"; };
		1A88DE381B2C96ED00930FFB /* Base */ = {isa = PBXFileReference; lastKnownFileType = file.xib; name = Base; path = Base.lproj/Document.xib; sourceTree = "<group>"; };
		1A88DE3B1B2C96ED00930FFB /* Document.xcdatamodel */ = {isa = PBXFileReference; lastKnownFileType = wrapper.xcdatamodel; path = Document.xcdatamodel; sourceTree = "<group>"; };
		1A88DE3D1B2C96ED00930FFB /* Assets.xcassets */ = {isa = PBXFileReference; lastKnownFileType = folder.assetcatalog; path = Assets.xcassets; sourceTree = "<group>"; };
		1A88DE401B2C96ED00930FFB /* Base */ = {isa = PBXFileReference; lastKnownFileType = file.xib; name = Base; path = Base.lproj/MainMenu.xib; sourceTree = "<group>"; };
		1A88DE421B2C96ED00930FFB /* Info.plist */ = {isa = PBXFileReference; lastKnownFileType = text.plist.xml; path = Info.plist; sourceTree = "<group>"; };
		1A88DE471B2C96ED00930FFB /* CarLotTests.xctest */ = {isa = PBXFileReference; explicitFileType = wrapper.cfbundle; includeInIndex = 0; path = CarLotTests.xctest; sourceTree = BUILT_PRODUCTS_DIR; };
		1A88DE4B1B2C96ED00930FFB /* CarLotTests.swift */ = {isa = PBXFileReference; lastKnownFileType = sourcecode.swift; path = CarLotTests.swift; sourceTree = "<group>"; };
		1A88DE4D1B2C96ED00930FFB /* Info.plist */ = {isa = PBXFileReference; lastKnownFileType = text.plist.xml; path = Info.plist; sourceTree = "<group>"; };
		1A88DE521B2C96ED00930FFB /* CarLotUITests.xctest */ = {isa = PBXFileReference; explicitFileType = wrapper.cfbundle; includeInIndex = 0; path = CarLotUITests.xctest; sourceTree = BUILT_PRODUCTS_DIR; };
		1A88DE561B2C96ED00930FFB /* CarLotUITests.swift */ = {isa = PBXFileReference; lastKnownFileType = sourcecode.swift; path = CarLotUITests.swift; sourceTree = "<group>"; };
		1A88DE581B2C96ED00930FFB /* Info.plist */ = {isa = PBXFileReference; lastKnownFileType = text.plist.xml; path = Info.plist; sourceTree = "<group>"; };
/* End PBXFileReference section */

/* Begin PBXFrameworksBuildPhase section */
		1A88DE2D1B2C96ED00930FFB /* Frameworks */ = {
			isa = PBXFrameworksBuildPhase;
			buildActionMask = 2147483647;
			files = (
			);
			runOnlyForDeploymentPostprocessing = 0;
		};
		1A88DE441B2C96ED00930FFB /* Frameworks */ = {
			isa = PBXFrameworksBuildPhase;
			buildActionMask = 2147483647;
			files = (
			);
			runOnlyForDeploymentPostprocessing = 0;
		};
		1A88DE4F1B2C96ED00930FFB /* Frameworks */ = {
			isa = PBXFrameworksBuildPhase;
			buildActionMask = 2147483647;
			files = (
			);
			runOnlyForDeploymentPostprocessing = 0;
		};
/* End PBXFrameworksBuildPhase section */

/* Begin PBXGroup section */
		1A88DE271B2C96ED00930FFB = {
			isa = PBXGroup;
			children = (
				1A88DE321B2C96ED00930FFB /* CarLot */,
				1A88DE4A1B2C96ED00930FFB /* CarLotTests */,
				1A88DE551B2C96ED00930FFB /* CarLotUITests */,
				1A88DE311B2C96ED00930FFB /* Products */,
			);
			sourceTree = "<group>";
		};
		1A88DE311B2C96ED00930FFB /* Products */ = {
			isa = PBXGroup;
			children = (
				1A88DE301B2C96ED00930FFB /* CarLot.app */,
				1A88DE471B2C96ED00930FFB /* CarLotTests.xctest */,
				1A88DE521B2C96ED00930FFB /* CarLotUITests.xctest */,
			);
			name = Products;
			sourceTree = "<group>";
		};
		1A88DE321B2C96ED00930FFB /* CarLot */ = {
			isa = PBXGroup;
			children = (
				1A88DE331B2C96ED00930FFB /* AppDelegate.swift */,
				1A88DE351B2C96ED00930FFB /* Document.swift */,
				1A88DE371B2C96ED00930FFB /* Document.xib */,
				1A88DE3D1B2C96ED00930FFB /* Assets.xcassets */,
				1A88DE3F1B2C96ED00930FFB /* MainMenu.xib */,
				1A88DE421B2C96ED00930FFB /* Info.plist */,
				1A88DE3A1B2C96ED00930FFB /* Document.xcdatamodeld */,
			);
			path = CarLot;
			sourceTree = "<group>";
		};
		1A88DE4A1B2C96ED00930FFB /* CarLotTests */ = {
			isa = PBXGroup;
			children = (
				1A88DE4B1B2C96ED00930FFB /* CarLotTests.swift */,
				1A88DE4D1B2C96ED00930FFB /* Info.plist */,
			);
			path = CarLotTests;
			sourceTree = "<group>";
		};
		1A88DE551B2C96ED00930FFB /* CarLotUITests */ = {
			isa = PBXGroup;
			children = (
				1A88DE561B2C96ED00930FFB /* CarLotUITests.swift */,
				1A88DE581B2C96ED00930FFB /* Info.plist */,
			);
			path = CarLotUITests;
			sourceTree = "<group>";
		};
/* End PBXGroup section */

/* Begin PBXNativeTarget section */
		1A88DE2F1B2C96ED00930FFB /* CarLot */ = {
			isa = PBXNativeTarget;
			buildConfigurationList = 1A88DE5B1B2C96ED00930FFB /* Build configuration list for PBXNativeTarget "CarLot" */;
			buildPhases = (
				1A88DE2C1B2C96ED00930FFB /* Sources */,
				1A88DE2D1B2C96ED00930FFB /* Frameworks */,
				1A88DE2E1B2C96ED00930FFB /* Resources */,
			);
			buildRules = (
			);
			dependencies = (
			);
			name = CarLot;
			productName = CarLot;
			productReference = 1A88DE301B2C96ED00930FFB /* CarLot.app */;
			productType = "com.apple.product-type.application";
		};
		1A88DE461B2C96ED00930FFB /* CarLotTests */ = {
			isa = PBXNativeTarget;
			buildConfigurationList = 1A88DE5E1B2C96ED00930FFB /* Build configuration list for PBXNativeTarget "CarLotTests" */;
			buildPhases = (
				1A88DE431B2C96ED00930FFB /* Sources */,
				1A88DE441B2C96ED00930FFB /* Frameworks */,
				1A88DE451B2C96ED00930FFB /* Resources */,
			);
			buildRules = (
			);
			dependencies = (
				1A88DE491B2C96ED00930FFB /* PBXTargetDependency */,
			);
			name = CarLotTests;
			productName = CarLotTests;
			productReference = 1A88DE471B2C96ED00930FFB /* CarLotTests.xctest */;
			productType = "com.apple.product-type.bundle.unit-test";
		};
		1A88DE511B2C96ED00930FFB /* CarLotUITests */ = {
			isa = PBXNativeTarget;
			buildConfigurationList = 1A88DE611B2C96ED00930FFB /* Build configuration list for PBXNativeTarget "CarLotUITests" */;
			buildPhases = (
				1A88DE4E1B2C96ED00930FFB /* Sources */,
				1A88DE4F1B2C96ED00930FFB /* Frameworks */,
				1A88DE501B2C96ED00930FFB /* Resources */,
			);
			buildRules = (
			);
			dependencies = (
				1A88DE541B2C96ED00930FFB /* PBXTargetDependency */,
			);
			name = CarLotUITests;
			productName = CarLotUITests;
			productReference = 1A88DE521B2C96ED00930FFB /* CarLotUITests.xctest */;
			productType = "com.apple.product-type.bundle.ui-testing";
		};
/* End PBXNativeTarget section */

/* Begin PBXProject section */
		1A88DE281B2C96ED00930FFB /* Project object */ = {
			isa = PBXProject;
			attributes = {
				LastUpgradeCheck = 0700;
				ORGANIZATIONNAME = "Clickable Bliss";
				TargetAttributes = {
					1A88DE2F1B2C96ED00930FFB = {
						CreatedOnToolsVersion = 7.0;
					};
					1A88DE461B2C96ED00930FFB = {
						CreatedOnToolsVersion = 7.0;
						TestTargetID = 1A88DE2F1B2C96ED00930FFB;
					};
					1A88DE511B2C96ED00930FFB = {
						CreatedOnToolsVersion = 7.0;
						TestTargetID = 1A88DE2F1B2C96ED00930FFB;
					};
				};
			};
			buildConfigurationList = 1A88DE2B1B2C96ED00930FFB /* Build configuration list for PBXProject "CarLot" */;
			compatibilityVersion = "Xcode 3.2";
			developmentRegion = English;
			hasScannedForEncodings = 0;
			knownRegions = (
				en,
				Base,
			);
			mainGroup = 1A88DE271B2C96ED00930FFB;
			productRefGroup = 1A88DE311B2C96ED00930FFB /* Products */;
			projectDirPath = "";
			projectRoot = "";
			targets = (
				1A88DE2F1B2C96ED00930FFB /* CarLot */,
				1A88DE461B2C96ED00930FFB /* CarLotTests */,
				1A88DE511B2C96ED00930FFB /* CarLotUITests */,
			);
		};
/* End PBXProject section */

/* Begin PBXResourcesBuildPhase section */
		1A88DE2E1B2C96ED00930FFB /* Resources */ = {
			isa = PBXResourcesBuildPhase;
			buildActionMask = 2147483647;
			files = (
				1A88DE3E1B2C96ED00930FFB /* Assets.xcassets in Resources */,
				1A88DE391B2C96ED00930FFB /* Document.xib in Resources */,
				1A88DE411B2C96ED00930FFB /* MainMenu.xib in Resources */,
			);
			runOnlyForDeploymentPostprocessing = 0;
		};
		1A88DE451B2C96ED00930FFB /* Resources */ = {
			isa = PBXResourcesBuildPhase;
			buildActionMask = 2147483647;
			files = (
			);
			runOnlyForDeploymentPostprocessing = 0;
		};
		1A88DE501B2C96ED00930FFB /* Resources */ = {
			isa = PBXResourcesBuildPhase;
			buildActionMask = 2147483647;
			files = (
			);
			runOnlyForDeploymentPostprocessing = 0;
		};
/* End PBXResourcesBuildPhase section */

/* Begin PBXSourcesBuildPhase section */
		1A88DE2C1B2C96ED00930FFB /* Sources */ = {
			isa = PBXSourcesBuildPhase;
			buildActionMask = 2147483647;
			files = (
				1A88DE3C1B2C96ED00930FFB /* Document.xcdatamodeld in Sources */,
				1A88DE361B2C96ED00930FFB /* Document.swift in Sources */,
				1A88DE341B2C96ED00930FFB /* AppDelegate.swift in Sources */,
			);
			runOnlyForDeploymentPostprocessing = 0;
		};
		1A88DE431B2C96ED00930FFB /* Sources */ = {
			isa = PBXSourcesBuildPhase;
			buildActionMask = 2147483647;
			files = (
				1A88DE4C1B2C96ED00930FFB /* CarLotTests.swift in Sources */,
			);
			runOnlyForDeploymentPostprocessing = 0;
		};
		1A88DE4E1B2C96ED00930FFB /* Sources */ = {
			isa = PBXSourcesBuildPhase;
			buildActionMask = 2147483647;
			files = (
				1A88DE571B2C96ED00930FFB /* CarLotUITests.swift in Sources */,
			);
			runOnlyForDeploymentPostprocessing = 0;
		};
/* End PBXSourcesBuildPhase section */

/* Begin PBXTargetDependency section */
		1A88DE491B2C96ED00930FFB /* PBXTargetDependency */ = {
			isa = PBXTargetDependency;
			target = 1A88DE2F1B2C96ED00930FFB /* CarLot */;
			targetProxy = 1A88DE481B2C96ED00930FFB /* PBXContainerItemProxy */;
		};
		1A88DE541B2C96ED00930FFB /* PBXTargetDependency */ = {
			isa = PBXTargetDependency;
			target = 1A88DE2F1B2C96ED00930FFB /* CarLot */;
			targetProxy = 1A88DE531B2C96ED00930FFB /* PBXContainerItemProxy */;
		};
/* End PBXTargetDependency section */

/* Begin PBXVariantGroup section */
		1A88DE371B2C96ED00930FFB /* Document.xib */ = {
			isa = PBXVariantGroup;
			children = (
				1A88DE381B2C96ED00930FFB /* Base */,
			);
			name = Document.xib;
			sourceTree = "<group>";
		};
		1A88DE3F1B2C96ED00930FFB /* MainMenu.xib */ = {
			isa = PBXVariantGroup;
			children = (
				1A88DE401B2C96ED00930FFB /* Base */,
			);
			name = MainMenu.xib;
			sourceTree = "<group>";
		};
/* End PBXVariantGroup section */

/* Begin XCBuildConfiguration section */
		1A88DE591B2C96ED00930FFB /* Debug */ = {
			isa = XCBuildConfiguration;
			buildSettings = {
				ALWAYS_SEARCH_USER_PATHS = NO;
				CLANG_CXX_LANGUAGE_STANDARD = "gnu++0x";
				CLANG_CXX_LIBRARY = "libc++";
				CLANG_ENABLE_MODULES = YES;
				CLANG_ENABLE_OBJC_ARC = YES;
				CLANG_WARN_BOOL_CONVERSION = YES;
				CLANG_WARN_CONSTANT_CONVERSION = YES;
				CLANG_WARN_DIRECT_OBJC_ISA_USAGE = YES_ERROR;
				CLANG_WARN_EMPTY_BODY = YES;
				CLANG_WARN_ENUM_CONVERSION = YES;
				CLANG_WARN_INT_CONVERSION = YES;
				CLANG_WARN_OBJC_ROOT_CLASS = YES_ERROR;
				CLANG_WARN_UNREACHABLE_CODE = YES;
				CLANG_WARN__DUPLICATE_METHOD_MATCH = YES;
				CODE_SIGN_IDENTITY = "-";
				COPY_PHASE_STRIP = NO;
				DEBUG_INFORMATION_FORMAT = dwarf;
				ENABLE_STRICT_OBJC_MSGSEND = YES;
				ENABLE_TESTABILITY = YES;
				GCC_C_LANGUAGE_STANDARD = gnu99;
				GCC_DYNAMIC_NO_PIC = NO;
				GCC_NO_COMMON_BLOCKS = YES;
				GCC_OPTIMIZATION_LEVEL = 0;
				GCC_PREPROCESSOR_DEFINITIONS = (
					"DEBUG=1",
					"$(inherited)",
				);
				GCC_WARN_64_TO_32_BIT_CONVERSION = YES;
				GCC_WARN_ABOUT_RETURN_TYPE = YES_ERROR;
				GCC_WARN_UNDECLARED_SELECTOR = YES;
				GCC_WARN_UNINITIALIZED_AUTOS = YES_AGGRESSIVE;
				GCC_WARN_UNUSED_FUNCTION = YES;
				GCC_WARN_UNUSED_VARIABLE = YES;
				MACOSX_DEPLOYMENT_TARGET = 10.10;
				MTL_ENABLE_DEBUG_INFO = YES;
				ONLY_ACTIVE_ARCH = YES;
				SDKROOT = macosx;
				SWIFT_OPTIMIZATION_LEVEL = "-Onone";
			};
			name = Debug;
		};
		1A88DE5A1B2C96ED00930FFB /* Release */ = {
			isa = XCBuildConfiguration;
			buildSettings = {
				ALWAYS_SEARCH_USER_PATHS = NO;
				CLANG_CXX_LANGUAGE_STANDARD = "gnu++0x";
				CLANG_CXX_LIBRARY = "libc++";
				CLANG_ENABLE_MODULES = YES;
				CLANG_ENABLE_OBJC_ARC = YES;
				CLANG_WARN_BOOL_CONVERSION = YES;
				CLANG_WARN_CONSTANT_CONVERSION = YES;
				CLANG_WARN_DIRECT_OBJC_ISA_USAGE = YES_ERROR;
				CLANG_WARN_EMPTY_BODY = YES;
				CLANG_WARN_ENUM_CONVERSION = YES;
				CLANG_WARN_INT_CONVERSION = YES;
				CLANG_WARN_OBJC_ROOT_CLASS = YES_ERROR;
				CLANG_WARN_UNREACHABLE_CODE = YES;
				CLANG_WARN__DUPLICATE_METHOD_MATCH = YES;
				CODE_SIGN_IDENTITY = "-";
				COPY_PHASE_STRIP = NO;
				DEBUG_INFORMATION_FORMAT = "dwarf-with-dsym";
				ENABLE_NS_ASSERTIONS = NO;
				ENABLE_STRICT_OBJC_MSGSEND = YES;
				GCC_C_LANGUAGE_STANDARD = gnu99;
				GCC_NO_COMMON_BLOCKS = YES;
				GCC_WARN_64_TO_32_BIT_CONVERSION = YES;
				GCC_WARN_ABOUT_RETURN_TYPE = YES_ERROR;
				GCC_WARN_UNDECLARED_SELECTOR = YES;
				GCC_WARN_UNINITIALIZED_AUTOS = YES_AGGRESSIVE;
				GCC_WARN_UNUSED_FUNCTION = YES;
				GCC_WARN_UNUSED_VARIABLE = YES;
				MACOSX_DEPLOYMENT_TARGET = 10.10;
				MTL_ENABLE_DEBUG_INFO = NO;
				SDKROOT = macosx;
			};
			name = Release;
		};
		1A88DE5C1B2C96ED00930FFB /* Debug */ = {
			isa = XCBuildConfiguration;
			buildSettings = {
				ASSETCATALOG_COMPILER_APPICON_NAME = AppIcon;
				COMBINE_HIDPI_IMAGES = YES;
				INFOPLIST_FILE = CarLot/Info.plist;
				LD_RUNPATH_SEARCH_PATHS = "$(inherited) @executable_path/../Frameworks";
				PRODUCT_BUNDLE_IDENTIFIER = com.clickablebliss.CarLot;
				PRODUCT_NAME = "$(TARGET_NAME)";
			};
			name = Debug;
		};
		1A88DE5D1B2C96ED00930FFB /* Release */ = {
			isa = XCBuildConfiguration;
			buildSettings = {
				ASSETCATALOG_COMPILER_APPICON_NAME = AppIcon;
				COMBINE_HIDPI_IMAGES = YES;
				INFOPLIST_FILE = CarLot/Info.plist;
				LD_RUNPATH_SEARCH_PATHS = "$(inherited) @executable_path/../Frameworks";
				PRODUCT_BUNDLE_IDENTIFIER = com.clickablebliss.CarLot;
				PRODUCT_NAME = "$(TARGET_NAME)";
			};
			name = Release;
		};
		1A88DE5F1B2C96ED00930FFB /* Debug */ = {
			isa = XCBuildConfiguration;
			buildSettings = {
				BUNDLE_LOADER = "$(TEST_HOST)";
				COMBINE_HIDPI_IMAGES = YES;
				INFOPLIST_FILE = CarLotTests/Info.plist;
				LD_RUNPATH_SEARCH_PATHS = "$(inherited) @executable_path/../Frameworks @loader_path/../Frameworks";
				PRODUCT_BUNDLE_IDENTIFIER = com.clickablebliss.CarLotTests;
				PRODUCT_NAME = "$(TARGET_NAME)";
				TEST_HOST = "$(BUILT_PRODUCTS_DIR)/CarLot.app/Contents/MacOS/CarLot";
			};
			name = Debug;
		};
		1A88DE601B2C96ED00930FFB /* Release */ = {
			isa = XCBuildConfiguration;
			buildSettings = {
				BUNDLE_LOADER = "$(TEST_HOST)";
				COMBINE_HIDPI_IMAGES = YES;
				INFOPLIST_FILE = CarLotTests/Info.plist;
				LD_RUNPATH_SEARCH_PATHS = "$(inherited) @executable_path/../Frameworks @loader_path/../Frameworks";
				PRODUCT_BUNDLE_IDENTIFIER = com.clickablebliss.CarLotTests;
				PRODUCT_NAME = "$(TARGET_NAME)";
				TEST_HOST = "$(BUILT_PRODUCTS_DIR)/CarLot.app/Contents/MacOS/CarLot";
			};
			name = Release;
		};
		1A88DE621B2C96ED00930FFB /* Debug */ = {
			isa = XCBuildConfiguration;
			buildSettings = {
				COMBINE_HIDPI_IMAGES = YES;
				INFOPLIST_FILE = CarLotUITests/Info.plist;
				LD_RUNPATH_SEARCH_PATHS = "$(inherited) @executable_path/../Frameworks @loader_path/../Frameworks";
				PRODUCT_BUNDLE_IDENTIFIER = com.clickablebliss.CarLotUITests;
				PRODUCT_NAME = "$(TARGET_NAME)";
				TEST_TARGET_NAME = CarLot;
				USES_XCTRUNNER = YES;
			};
			name = Debug;
		};
		1A88DE631B2C96ED00930FFB /* Release */ = {
			isa = XCBuildConfiguration;
			buildSettings = {
				COMBINE_HIDPI_IMAGES = YES;
				INFOPLIST_FILE = CarLotUITests/Info.plist;
				LD_RUNPATH_SEARCH_PATHS = "$(inherited) @executable_path/../Frameworks @loader_path/../Frameworks";
				PRODUCT_BUNDLE_IDENTIFIER = com.clickablebliss.CarLotUITests;
				PRODUCT_NAME = "$(TARGET_NAME)";
				TEST_TARGET_NAME = CarLot;
				USES_XCTRUNNER = YES;
			};
			name = Release;
		};
/* End XCBuildConfiguration section */

/* Begin XCConfigurationList section */
		1A88DE2B1B2C96ED00930FFB /* Build configuration list for PBXProject "CarLot" */ = {
			isa = XCConfigurationList;
			buildConfigurations = (
				1A88DE591B2C96ED00930FFB /* Debug */,
				1A88DE5A1B2C96ED00930FFB /* Release */,
			);
			defaultConfigurationIsVisible = 0;
			defaultConfigurationName = Release;
		};
		1A88DE5B1B2C96ED00930FFB /* Build configuration list for PBXNativeTarget "CarLot" */ = {
			isa = XCConfigurationList;
			buildConfigurations = (
				1A88DE5C1B2C96ED00930FFB /* Debug */,
				1A88DE5D1B2C96ED00930FFB /* Release */,
			);
			defaultConfigurationIsVisible = 0;
		};
		1A88DE5E1B2C96ED00930FFB /* Build configuration list for PBXNativeTarget "CarLotTests" */ = {
			isa = XCConfigurationList;
			buildConfigurations = (
				1A88DE5F1B2C96ED00930FFB /* Debug */,
				1A88DE601B2C96ED00930FFB /* Release */,
			);
			defaultConfigurationIsVisible = 0;
		};
		1A88DE611B2C96ED00930FFB /* Build configuration list for PBXNativeTarget "CarLotUITests" */ = {
			isa = XCConfigurationList;
			buildConfigurations = (
				1A88DE621B2C96ED00930FFB /* Debug */,
				1A88DE631B2C96ED00930FFB /* Release */,
			);
			defaultConfigurationIsVisible = 0;
		};
/* End XCConfigurationList section */

/* Begin XCVersionGroup section */
		1A88DE3A1B2C96ED00930FFB /* Document.xcdatamodeld */ = {
			isa = XCVersionGroup;
			children = (
				1A88DE3B1B2C96ED00930FFB /* Document.xcdatamodel */,
			);
			currentVersion = 1A88DE3B1B2C96ED00930FFB /* Document.xcdatamodel */;
			path = Document.xcdatamodeld;
			sourceTree = "<group>";
			versionGroupType = wrapper.xcdatamodel;
		};
/* End XCVersionGroup section */
	};
	rootObject = 1A88DE281B2C96ED00930FFB /* Project object */;
}
